
Microsoft Visual Studio Solution File, Format Version 12.00
# Visual Studio Version 16
VisualStudioVersion = 16.0.30114.105
MinimumVisualStudioVersion = 10.0.40219.1
Project("{FAE04EC0-301F-11D3-BF4B-00C04F79EFBC}") = "CloudCustomers.API", "CloudCustomers.API\CloudCustomers.API.csproj", "{8F8B3CDE-767D-418A-8762-00BBDAEDB8AF}"
EndProject
Project("{FAE04EC0-301F-11D3-BF4B-00C04F79EFBC}") = "CloudCustomers.UnitTests", "CloudCustomers.UnitTests\CloudCustomers.UnitTests.csproj", "{187B12F1-4AF7-4C39-A219-421DADEF04A9}"
EndProject
Global
	GlobalSection(SolutionConfigurationPlatforms) = preSolution
		Debug|Any CPU = Debug|Any CPU
		Release|Any CPU = Release|Any CPU
	EndGlobalSection
	GlobalSection(SolutionProperties) = preSolution
		HideSolutionNode = FALSE
	EndGlobalSection
	GlobalSection(ProjectConfigurationPlatforms) = postSolution
		{8F8B3CDE-767D-418A-8762-00BBDAEDB8AF}.Debug|Any CPU.ActiveCfg = Debug|Any CPU
		{8F8B3CDE-767D-418A-8762-00BBDAEDB8AF}.Debug|Any CPU.Build.0 = Debug|Any CPU
		{8F8B3CDE-767D-418A-8762-00BBDAEDB8AF}.Release|Any CPU.ActiveCfg = Release|Any CPU
		{8F8B3CDE-767D-418A-8762-00BBDAEDB8AF}.Release|Any CPU.Build.0 = Release|Any CPU
		{187B12F1-4AF7-4C39-A219-421DADEF04A9}.Debug|Any CPU.ActiveCfg = Debug|Any CPU
		{187B12F1-4AF7-4C39-A219-421DADEF04A9}.Debug|Any CPU.Build.0 = Debug|Any CPU
		{187B12F1-4AF7-4C39-A219-421DADEF04A9}.Release|Any CPU.ActiveCfg = Release|Any CPU
		{187B12F1-4AF7-4C39-A219-421DADEF04A9}.Release|Any CPU.Build.0 = Release|Any CPU
	EndGlobalSection
EndGlobal
